# This file is automatically @generated by Cargo.
# It is not intended for manual editing.
version = 4

[[package]]
name = "intrico"
version = "2.0.1"
dependencies = [
 "rusticle",
]

[[package]]
name = "rusticle"
version = "2.0.2"
source = "registry+https://github.com/rust-lang/crates.io-index"
checksum = "dec50ca4de45be597a7d8d216b8e1ebe434e8baeafee23528c6a406f6d19bf02"
