# This file is automatically @generated by Cargo.
# It is not intended for manual editing.
version = 4

[[package]]
name = "intrico"
version = "0.1.0"
dependencies = [
 "rusticle",
]

[[package]]
name = "rusticle"
version = "0.3.3"
source = "registry+https://github.com/rust-lang/crates.io-index"
checksum = "3befa8a761fe8b2652dcef152b96e3d2904d645393dc3fd8944ea7a49f52ebb5"
