# This file is automatically @generated by Cargo.
# It is not intended for manual editing.
version = 4

[[package]]
name = "intrico"
version = "0.3.12"
dependencies = [
 "rusticle",
]

[[package]]
name = "rusticle"
version = "0.4.12"
source = "registry+https://github.com/rust-lang/crates.io-index"
checksum = "7bd296717412afc413afa307abac24c246eb9c59b2a6becc2094aee42a20f57a"
